
Microsoft Visual Studio Solution File, Format Version 12.00
# Visual Studio Version 17
VisualStudioVersion = 17.13.35828.75 d17.13
MinimumVisualStudioVersion = 10.0.40219.1
Project("{FAE04EC0-301F-11D3-BF4B-00C04F79EFBC}") = "fourthTask", "fourthTask\fourthTask.csproj", "{B455F906-3F7E-43A2-8D07-93E7E2CF8EB8}"
EndProject
Global
	GlobalSection(SolutionConfigurationPlatforms) = preSolution
		Debug|Any CPU = Debug|Any CPU
		Release|Any CPU = Release|Any CPU
	EndGlobalSection
	GlobalSection(ProjectConfigurationPlatforms) = postSolution
		{B455F906-3F7E-43A2-8D07-93E7E2CF8EB8}.Debug|Any CPU.ActiveCfg = Debug|Any CPU
		{B455F906-3F7E-43A2-8D07-93E7E2CF8EB8}.Debug|Any CPU.Build.0 = Debug|Any CPU
		{B455F906-3F7E-43A2-8D07-93E7E2CF8EB8}.Release|Any CPU.ActiveCfg = Release|Any CPU
		{B455F906-3F7E-43A2-8D07-93E7E2CF8EB8}.Release|Any CPU.Build.0 = Release|Any CPU
	EndGlobalSection
	GlobalSection(SolutionProperties) = preSolution
		HideSolutionNode = FALSE
	EndGlobalSection
	GlobalSection(ExtensibilityGlobals) = postSolution
		SolutionGuid = {4F65FB3D-58D4-4F68-A83A-2B461F591BBE}
	EndGlobalSection
EndGlobal
